PODS:
  - AppAuth (1.4.0):
    - AppAuth/Core (= 1.4.0)
    - AppAuth/ExternalUserAgent (= 1.4.0)
  - AppAuth/Core (1.4.0)
  - AppAuth/ExternalUserAgent (1.4.0)
  - GoogleSignIn (5.0.2):
    - AppAuth (~> 1.2)
    - GTMAppAuth (~> 1.0)
    - GTMSessionFetcher/Core (~> 1.1)
  - GTMAppAuth (1.1.0):
    - AppAuth/Core (~> 1.4)
    - GTMSessionFetcher (~> 1.4)
  - GTMSessionFetcher (1.4.0):
    - GTMSessionFetcher/Full (= 1.4.0)
  - GTMSessionFetcher/Core (1.4.0)
  - GTMSessionFetcher/Full (1.4.0):
    - GTMSessionFetcher/Core (= 1.4.0)
  - Realm (5.4.8):
    - Realm/Headers (= 5.4.8)
  - Realm/Headers (5.4.8)
  - RealmSwift (5.4.8):
    - Realm (= 5.4.8)
  - SideMenu (6.4.9)
  - SKCountryPicker (1.2.9)

DEPENDENCIES:
  - GoogleSignIn
  - RealmSwift
  - SideMenu
  - SKCountryPicker

SPEC REPOS:
  trunk:
    - AppAuth
    - GoogleSignIn
    - GTMAppAuth
    - GTMSessionFetcher
    - Realm
    - RealmSwift
    - SideMenu
    - SKCountryPicker

SPEC CHECKSUMS:
  AppAuth: 31bcec809a638d7bd2f86ea8a52bd45f6e81e7c7
  GoogleSignIn: 7137d297ddc022a7e0aa4619c86d72c909fa7213
  GTMAppAuth: 197a8dabfea5d665224aa00d17f164fc2248dab9
  GTMSessionFetcher: 6f5c8abbab8a9bce4bb3f057e317728ec6182b10
  Realm: 042bbb59227a0159eda397b8a5a49fbd67495ce7
  RealmSwift: 15ddd6b3398ebfc99810811c44f095df1313adb3
  SideMenu: 8ef57a3cfc024a2d3fc1c036c7fe98537baec9e0
  SKCountryPicker: 7ad1e7dfb482cfb26855e33c2d70dbf1eaf218fe

PODFILE CHECKSUM: 826bceac60ea11aff7eb5f35d16a63b21b6ab368

COCOAPODS: 1.10.0
