PODS:
  - AppAuth (1.4.0):
    - AppAuth/Core (= 1.4.0)
    - AppAuth/ExternalUserAgent (= 1.4.0)
  - AppAuth/Core (1.4.0)
  - AppAuth/ExternalUserAgent (1.4.0)
  - Charts (3.6.0):
    - Charts/Core (= 3.6.0)
  - Charts/Core (3.6.0)
  - DeviceKit (4.2.1)
  - GoogleSignIn (5.0.2):
    - AppAuth (~> 1.2)
    - GTMAppAuth (~> 1.0)
    - GTMSessionFetcher/Core (~> 1.1)
  - GTMAppAuth (1.1.0):
    - AppAuth/Core (~> 1.4)
    - GTMSessionFetcher (~> 1.4)
  - GTMSessionFetcher (1.5.0):
    - GTMSessionFetcher/Full (= 1.5.0)
  - GTMSessionFetcher/Core (1.5.0)
  - GTMSessionFetcher/Full (1.5.0):
    - GTMSessionFetcher/Core (= 1.5.0)
  - iOSDropDown (0.3.4)
  - Realm (10.1.3):
    - Realm/Headers (= 10.1.3)
  - Realm/Headers (10.1.3)
  - RealmSwift (10.1.3):
    - Realm (= 10.1.3)
  - SDWebImage (5.9.5):
    - SDWebImage/Core (= 5.9.5)
  - SDWebImage/Core (5.9.5)
  - SideMenu (6.5.0)
  - SKCountryPicker (1.2.9)
  - Toast-Swift (5.0.1)
  - XLPagerTabStrip (9.0.0)

DEPENDENCIES:
  - Charts
  - DeviceKit (~> 4.0)
  - GoogleSignIn
  - iOSDropDown
  - RealmSwift
  - SDWebImage (~> 5.0)
  - SideMenu
  - SKCountryPicker
  - Toast-Swift (~> 5.0.1)
  - XLPagerTabStrip (~> 9.0)

SPEC REPOS:
  trunk:
    - AppAuth
    - Charts
    - DeviceKit
    - GoogleSignIn
    - GTMAppAuth
    - GTMSessionFetcher
    - iOSDropDown
    - Realm
    - RealmSwift
    - SDWebImage
    - SideMenu
    - SKCountryPicker
    - Toast-Swift
    - XLPagerTabStrip

SPEC CHECKSUMS:
  AppAuth: 31bcec809a638d7bd2f86ea8a52bd45f6e81e7c7
  Charts: b1e3a1f5a1c9ba5394438ca3b91bd8c9076310af
  DeviceKit: cadb5ff25d45fe186778bf2d0fd2ea4750542189
  GoogleSignIn: 7137d297ddc022a7e0aa4619c86d72c909fa7213
  GTMAppAuth: 197a8dabfea5d665224aa00d17f164fc2248dab9
  GTMSessionFetcher: b3503b20a988c4e20cc189aa798fd18220133f52
  iOSDropDown: c10a761f9a00c3f1cc9d3bce43ae504628e2f692
  Realm: 072f4060c99150cb1d35e35ce1dd4dda7d9ddfed
  RealmSwift: 96f96feafee63186789419235d14857dae9004ae
  SDWebImage: 0b2ba0d56479bf6a45ecddbfd5558bea93150d25
  SideMenu: f583187d21c5b1dd04c72002be544b555a2627a2
  SKCountryPicker: 7ad1e7dfb482cfb26855e33c2d70dbf1eaf218fe
  Toast-Swift: 9b6a70f28b3bf0b96c40d46c0c4b9d6639846711
  XLPagerTabStrip: 61c57fd61f611ee5f01ff1495ad6fbee8bf496c5

PODFILE CHECKSUM: 00795db9324e1fa54cd82e61dcb4c28762992704

COCOAPODS: 1.10.0
