// !$*UTF8*$!
{
	archiveVersion = 1;
	classes = {
	};
	objectVersion = 51;
	objects = {

/* Begin PBXBuildFile section */
		4BC0BCDE68931BC7D2F14929 /* Pods_Budget_Management.framework in Frameworks */ = {isa = PBXBuildFile; fileRef = 4E4FAED8B1BAFD1378411C38 /* Pods_Budget_Management.framework */; };
		EC07563C254FD710001FBBA3 /* LoginPageViewController.swift in Sources */ = {isa = PBXBuildFile; fileRef = EC07563B254FD710001FBBA3 /* LoginPageViewController.swift */; };
		EC07563F254FD980001FBBA3 /* LoginPageView.swift in Sources */ = {isa = PBXBuildFile; fileRef = EC07563E254FD980001FBBA3 /* LoginPageView.swift */; };
		EC075642254FD9A3001FBBA3 /* LoginPageView.xib in Resources */ = {isa = PBXBuildFile; fileRef = EC075641254FD9A3001FBBA3 /* LoginPageView.xib */; };
		EC2F0F0C25639066007EA0B3 /* NavBar.xib in Resources */ = {isa = PBXBuildFile; fileRef = EC2F0F0B25639066007EA0B3 /* NavBar.xib */; };
		EC2F0F0F25639075007EA0B3 /* NavBar.swift in Sources */ = {isa = PBXBuildFile; fileRef = EC2F0F0E25639075007EA0B3 /* NavBar.swift */; };
		EC2F0F1B25639D11007EA0B3 /* TabBar.swift in Sources */ = {isa = PBXBuildFile; fileRef = EC2F0F1A25639D11007EA0B3 /* TabBar.swift */; };
		EC2F0F532563DAA9007EA0B3 /* NavBarX.xib in Resources */ = {isa = PBXBuildFile; fileRef = EC2F0F522563DAA9007EA0B3 /* NavBarX.xib */; };
		EC2F0F562563DAE7007EA0B3 /* NavBarX.swift in Sources */ = {isa = PBXBuildFile; fileRef = EC2F0F552563DAE7007EA0B3 /* NavBarX.swift */; };
		EC2F0F6B2563E92D007EA0B3 /* AccountBalanceTableViewCell.swift in Sources */ = {isa = PBXBuildFile; fileRef = EC2F0F6A2563E92D007EA0B3 /* AccountBalanceTableViewCell.swift */; };
		EC3001B6256F8BC70053313A /* ExpenseTableViewCell.swift in Sources */ = {isa = PBXBuildFile; fileRef = EC3001B5256F8BC70053313A /* ExpenseTableViewCell.swift */; };
		EC3001B9256F90890053313A /* IncomeTableViewCell.swift in Sources */ = {isa = PBXBuildFile; fileRef = EC3001B8256F90890053313A /* IncomeTableViewCell.swift */; };
		EC3001C3256F97490053313A /* NewCategoryView.xib in Resources */ = {isa = PBXBuildFile; fileRef = EC3001C2256F97490053313A /* NewCategoryView.xib */; };
		EC3001C6256F975E0053313A /* NewCategoryView.swift in Sources */ = {isa = PBXBuildFile; fileRef = EC3001C5256F975E0053313A /* NewCategoryView.swift */; };
		EC3001D0256FC7320053313A /* ManageDashboardViewController.swift in Sources */ = {isa = PBXBuildFile; fileRef = EC3001CF256FC7320053313A /* ManageDashboardViewController.swift */; };
		EC44D9FB25493665009B39E5 /* ProfileModel.swift in Sources */ = {isa = PBXBuildFile; fileRef = EC44D9FA25493665009B39E5 /* ProfileModel.swift */; };
		EC44DA1A25496299009B39E5 /* LoginCollectionViewCell.swift in Sources */ = {isa = PBXBuildFile; fileRef = EC44DA1925496299009B39E5 /* LoginCollectionViewCell.swift */; };
		EC4D809E254298AC00D0EA31 /* BudgetBrain.swift in Sources */ = {isa = PBXBuildFile; fileRef = EC4D809D254298AC00D0EA31 /* BudgetBrain.swift */; };
		EC510860253FFDA000A98A3E /* AppDelegate.swift in Sources */ = {isa = PBXBuildFile; fileRef = EC51085F253FFDA000A98A3E /* AppDelegate.swift */; };
		EC510862253FFDA000A98A3E /* SceneDelegate.swift in Sources */ = {isa = PBXBuildFile; fileRef = EC510861253FFDA000A98A3E /* SceneDelegate.swift */; };
		EC510864253FFDA000A98A3E /* DashBoard.swift in Sources */ = {isa = PBXBuildFile; fileRef = EC510863253FFDA000A98A3E /* DashBoard.swift */; };
		EC510867253FFDA000A98A3E /* Main.storyboard in Resources */ = {isa = PBXBuildFile; fileRef = EC510865253FFDA000A98A3E /* Main.storyboard */; };
		EC510869253FFDA100A98A3E /* Assets.xcassets in Resources */ = {isa = PBXBuildFile; fileRef = EC510868253FFDA100A98A3E /* Assets.xcassets */; };
		EC51086C253FFDA100A98A3E /* LaunchScreen.storyboard in Resources */ = {isa = PBXBuildFile; fileRef = EC51086A253FFDA100A98A3E /* LaunchScreen.storyboard */; };
		EC510881253FFE9500A98A3E /* open_san.ttf in Resources */ = {isa = PBXBuildFile; fileRef = EC510880253FFE9500A98A3E /* open_san.ttf */; };
		EC5108882540018E00A98A3E /* SWRevealViewController.m in Sources */ = {isa = PBXBuildFile; fileRef = EC5108872540018E00A98A3E /* SWRevealViewController.m */; };
		EC5108922540038300A98A3E /* Constants.swift in Sources */ = {isa = PBXBuildFile; fileRef = EC5108912540038300A98A3E /* Constants.swift */; };
		EC5108962540078000A98A3E /* SideMenuTableViewController.swift in Sources */ = {isa = PBXBuildFile; fileRef = EC5108952540078000A98A3E /* SideMenuTableViewController.swift */; };
		EC5108A825401AA200A98A3E /* SideMenuTableViewCell.swift in Sources */ = {isa = PBXBuildFile; fileRef = EC5108A725401AA200A98A3E /* SideMenuTableViewCell.swift */; };
		EC5108BB2540248300A98A3E /* HeaderView.xib in Resources */ = {isa = PBXBuildFile; fileRef = EC5108BA2540248300A98A3E /* HeaderView.xib */; };
		EC5108C0254024AF00A98A3E /* HeaderView.swift in Sources */ = {isa = PBXBuildFile; fileRef = EC5108BF254024AF00A98A3E /* HeaderView.swift */; };
		EC5108C325403DCF00A98A3E /* BudgetViewController.swift in Sources */ = {isa = PBXBuildFile; fileRef = EC5108C225403DCF00A98A3E /* BudgetViewController.swift */; };
		EC5108C625403DDD00A98A3E /* CategoriesViewController.swift in Sources */ = {isa = PBXBuildFile; fileRef = EC5108C525403DDD00A98A3E /* CategoriesViewController.swift */; };
		EC5108C925403DF500A98A3E /* AccountsViewController.swift in Sources */ = {isa = PBXBuildFile; fileRef = EC5108C825403DF500A98A3E /* AccountsViewController.swift */; };
		EC5108CC25403E0B00A98A3E /* SettingsViewController.swift in Sources */ = {isa = PBXBuildFile; fileRef = EC5108CB25403E0B00A98A3E /* SettingsViewController.swift */; };
		EC5108D9254057D800A98A3E /* UpdateProfileViewController.swift in Sources */ = {isa = PBXBuildFile; fileRef = EC5108D8254057D800A98A3E /* UpdateProfileViewController.swift */; };
		EC80B8AE2574C2A700424BFF /* DashboardAccountsCollectionViewCell.swift in Sources */ = {isa = PBXBuildFile; fileRef = EC80B8AD2574C2A700424BFF /* DashboardAccountsCollectionViewCell.swift */; };
		EC8868932546B5640056A8A3 /* GoalAchievedViewController.swift in Sources */ = {isa = PBXBuildFile; fileRef = EC8868922546B5640056A8A3 /* GoalAchievedViewController.swift */; };
		EC8868982546B9E30056A8A3 /* PagerViewForsavingsViewController.swift in Sources */ = {isa = PBXBuildFile; fileRef = EC8868972546B9E30056A8A3 /* PagerViewForsavingsViewController.swift */; };
		EC8B2489255D163E0086837A /* GoalTransactionsViewController.swift in Sources */ = {isa = PBXBuildFile; fileRef = EC8B2488255D163E0086837A /* GoalTransactionsViewController.swift */; };
		EC8B248C255D1B890086837A /* GoalTransactionsTableViewCell.swift in Sources */ = {isa = PBXBuildFile; fileRef = EC8B248B255D1B890086837A /* GoalTransactionsTableViewCell.swift */; };
		EC8B248F255D38530086837A /* AchievedTableViewCell.swift in Sources */ = {isa = PBXBuildFile; fileRef = EC8B248E255D38530086837A /* AchievedTableViewCell.swift */; };
		EC8E5E7B2578F1B20047E42D /* OverAllBudgetsTabViewController.swift in Sources */ = {isa = PBXBuildFile; fileRef = EC8E5E7A2578F1B20047E42D /* OverAllBudgetsTabViewController.swift */; };
		EC9C828725760D2D005F89B5 /* DashboardRecordsTableViewCell.swift in Sources */ = {isa = PBXBuildFile; fileRef = EC9C828625760D2D005F89B5 /* DashboardRecordsTableViewCell.swift */; };
		EC9C829225762B63005F89B5 /* AllActivityViewController.swift in Sources */ = {isa = PBXBuildFile; fileRef = EC9C829125762B63005F89B5 /* AllActivityViewController.swift */; };
		EC9C829525764D77005F89B5 /* ActivitiesHeaderView.xib in Resources */ = {isa = PBXBuildFile; fileRef = EC9C829425764D77005F89B5 /* ActivitiesHeaderView.xib */; };
		EC9C829825764D8D005F89B5 /* ActivitiesHeaderView.swift in Sources */ = {isa = PBXBuildFile; fileRef = EC9C829725764D8D005F89B5 /* ActivitiesHeaderView.swift */; };
		EC9C829B257654B7005F89B5 /* ActivitiesFooterView.xib in Resources */ = {isa = PBXBuildFile; fileRef = EC9C829A257654B7005F89B5 /* ActivitiesFooterView.xib */; };
		EC9C829E257654E3005F89B5 /* ActivitiesFooterView.swift in Sources */ = {isa = PBXBuildFile; fileRef = EC9C829D257654E3005F89B5 /* ActivitiesFooterView.swift */; };
		EC9C82A125766304005F89B5 /* ActivitiesTransactionsTableViewCell.swift in Sources */ = {isa = PBXBuildFile; fileRef = EC9C82A025766304005F89B5 /* ActivitiesTransactionsTableViewCell.swift */; };
		ECA40131255E8FE600719D52 /* AchievedGoalDetailsViewController.swift in Sources */ = {isa = PBXBuildFile; fileRef = ECA40130255E8FE600719D52 /* AchievedGoalDetailsViewController.swift */; };
		ECB7AAFC2577AD46004E7FFD /* SetMonthlyBudgetViewController.swift in Sources */ = {isa = PBXBuildFile; fileRef = ECB7AAFB2577AD46004E7FFD /* SetMonthlyBudgetViewController.swift */; };
		ECB7AAFF2577AEB6004E7FFD /* SetBudgetCollectionViewCell.swift in Sources */ = {isa = PBXBuildFile; fileRef = ECB7AAFE2577AEB6004E7FFD /* SetBudgetCollectionViewCell.swift */; };
		ECB896512555190B00092DBB /* AddGoalViewController.swift in Sources */ = {isa = PBXBuildFile; fileRef = ECB896502555190B00092DBB /* AddGoalViewController.swift */; };
		ECB8968E2555607000092DBB /* NewGoalViewController.swift in Sources */ = {isa = PBXBuildFile; fileRef = ECB8968D2555607000092DBB /* NewGoalViewController.swift */; };
		ECBD054B257778CE00779083 /* EditMonthlyBudgetViewController.swift in Sources */ = {isa = PBXBuildFile; fileRef = ECBD054A257778CE00779083 /* EditMonthlyBudgetViewController.swift */; };
		ECC58F252541744C00495610 /* Extensions.swift in Sources */ = {isa = PBXBuildFile; fileRef = ECC58F242541744C00495610 /* Extensions.swift */; };
		ECC58F292541963500495610 /* SettingsTableViewCell.swift in Sources */ = {isa = PBXBuildFile; fileRef = ECC58F282541963500495610 /* SettingsTableViewCell.swift */; };
		ECC831572564EF4D0027B349 /* SecondStoryboard.storyboard in Resources */ = {isa = PBXBuildFile; fileRef = ECC831562564EF4D0027B349 /* SecondStoryboard.storyboard */; };
		ECC8315A2564EFC30027B349 /* AddAccountViewController.swift in Sources */ = {isa = PBXBuildFile; fileRef = ECC831592564EFC30027B349 /* AddAccountViewController.swift */; };
		ECC8318025651FDE0027B349 /* SelectColorCell.xib in Resources */ = {isa = PBXBuildFile; fileRef = ECC8317F25651FDE0027B349 /* SelectColorCell.xib */; };
		ECC83183256520150027B349 /* SelectColorCell.swift in Sources */ = {isa = PBXBuildFile; fileRef = ECC83182256520150027B349 /* SelectColorCell.swift */; };
		ECC83190256536DD0027B349 /* SelectIconCell.xib in Resources */ = {isa = PBXBuildFile; fileRef = ECC8318F256536DD0027B349 /* SelectIconCell.xib */; };
		ECC83193256536ED0027B349 /* SelectIconCell.swift in Sources */ = {isa = PBXBuildFile; fileRef = ECC83192256536ED0027B349 /* SelectIconCell.swift */; };
		ECC8DB6A2542E37B008F41FA /* BudgetsTabViewController.swift in Sources */ = {isa = PBXBuildFile; fileRef = ECC8DB692542E37B008F41FA /* BudgetsTabViewController.swift */; };
		ECC8DB6D2542EB3F008F41FA /* ActivitiesTabViewController.swift in Sources */ = {isa = PBXBuildFile; fileRef = ECC8DB6C2542EB3F008F41FA /* ActivitiesTabViewController.swift */; };
		ECC8DB702542EB53008F41FA /* SavingsViewController.swift in Sources */ = {isa = PBXBuildFile; fileRef = ECC8DB6F2542EB53008F41FA /* SavingsViewController.swift */; };
		ECCB0946255A612C0024B827 /* NewGoalIconCollectionViewCell.swift in Sources */ = {isa = PBXBuildFile; fileRef = ECCB0945255A612C0024B827 /* NewGoalIconCollectionViewCell.swift */; };
		ECCB0949255A71380024B827 /* AddSavingAmountViewController.swift in Sources */ = {isa = PBXBuildFile; fileRef = ECCB0948255A71380024B827 /* AddSavingAmountViewController.swift */; };
		ECCB094C255A727A0024B827 /* GoaldetailsViewController.swift in Sources */ = {isa = PBXBuildFile; fileRef = ECCB094B255A727A0024B827 /* GoaldetailsViewController.swift */; };
		ECCD9B5C25481C4C009D8B6F /* ExpenseViewController.swift in Sources */ = {isa = PBXBuildFile; fileRef = ECCD9B5B25481C4C009D8B6F /* ExpenseViewController.swift */; };
		ECCD9B5F25481C60009D8B6F /* IncomeViewController.swift in Sources */ = {isa = PBXBuildFile; fileRef = ECCD9B5E25481C60009D8B6F /* IncomeViewController.swift */; };
		ECD3C8D525501424002A0CEF /* GuestLoginViewController.swift in Sources */ = {isa = PBXBuildFile; fileRef = ECD3C8D425501424002A0CEF /* GuestLoginViewController.swift */; };
		ECD844492559624D00698923 /* SavingsTableViewCell.swift in Sources */ = {isa = PBXBuildFile; fileRef = ECD844482559624D00698923 /* SavingsTableViewCell.swift */; };
		ECE0B44D256658AF005816FC /* AddAccountTableViewCell.swift in Sources */ = {isa = PBXBuildFile; fileRef = ECE0B44C256658AF005816FC /* AddAccountTableViewCell.swift */; };
/* End PBXBuildFile section */

/* Begin PBXFileReference section */
		4E4FAED8B1BAFD1378411C38 /* Pods_Budget_Management.framework */ = {isa = PBXFileReference; explicitFileType = wrapper.framework; includeInIndex = 0; path = Pods_Budget_Management.framework; sourceTree = BUILT_PRODUCTS_DIR; };
		5F481472DB10F78842114AAF /* Pods-Budget Management.debug.xcconfig */ = {isa = PBXFileReference; includeInIndex = 1; lastKnownFileType = text.xcconfig; name = "Pods-Budget Management.debug.xcconfig"; path = "Target Support Files/Pods-Budget Management/Pods-Budget Management.debug.xcconfig"; sourceTree = "<group>"; };
		78E854B9E3E284EFF63C69C5 /* Pods-Budget Management.release.xcconfig */ = {isa = PBXFileReference; includeInIndex = 1; lastKnownFileType = text.xcconfig; name = "Pods-Budget Management.release.xcconfig"; path = "Target Support Files/Pods-Budget Management/Pods-Budget Management.release.xcconfig"; sourceTree = "<group>"; };
		EC07563B254FD710001FBBA3 /* LoginPageViewController.swift */ = {isa = PBXFileReference; lastKnownFileType = sourcecode.swift; path = LoginPageViewController.swift; sourceTree = "<group>"; };
		EC07563E254FD980001FBBA3 /* LoginPageView.swift */ = {isa = PBXFileReference; lastKnownFileType = sourcecode.swift; path = LoginPageView.swift; sourceTree = "<group>"; };
		EC075641254FD9A3001FBBA3 /* LoginPageView.xib */ = {isa = PBXFileReference; lastKnownFileType = file.xib; path = LoginPageView.xib; sourceTree = "<group>"; };
		EC2F0F0B25639066007EA0B3 /* NavBar.xib */ = {isa = PBXFileReference; lastKnownFileType = file.xib; path = NavBar.xib; sourceTree = "<group>"; };
		EC2F0F0E25639075007EA0B3 /* NavBar.swift */ = {isa = PBXFileReference; lastKnownFileType = sourcecode.swift; path = NavBar.swift; sourceTree = "<group>"; };
		EC2F0F1A25639D11007EA0B3 /* TabBar.swift */ = {isa = PBXFileReference; lastKnownFileType = sourcecode.swift; path = TabBar.swift; sourceTree = "<group>"; };
		EC2F0F522563DAA9007EA0B3 /* NavBarX.xib */ = {isa = PBXFileReference; lastKnownFileType = file.xib; path = NavBarX.xib; sourceTree = "<group>"; };
		EC2F0F552563DAE7007EA0B3 /* NavBarX.swift */ = {isa = PBXFileReference; lastKnownFileType = sourcecode.swift; path = NavBarX.swift; sourceTree = "<group>"; };
		EC2F0F6A2563E92D007EA0B3 /* AccountBalanceTableViewCell.swift */ = {isa = PBXFileReference; lastKnownFileType = sourcecode.swift; path = AccountBalanceTableViewCell.swift; sourceTree = "<group>"; };
		EC3001B5256F8BC70053313A /* ExpenseTableViewCell.swift */ = {isa = PBXFileReference; lastKnownFileType = sourcecode.swift; path = ExpenseTableViewCell.swift; sourceTree = "<group>"; };
		EC3001B8256F90890053313A /* IncomeTableViewCell.swift */ = {isa = PBXFileReference; lastKnownFileType = sourcecode.swift; path = IncomeTableViewCell.swift; sourceTree = "<group>"; };
		EC3001C2256F97490053313A /* NewCategoryView.xib */ = {isa = PBXFileReference; lastKnownFileType = file.xib; path = NewCategoryView.xib; sourceTree = "<group>"; };
		EC3001C5256F975E0053313A /* NewCategoryView.swift */ = {isa = PBXFileReference; lastKnownFileType = sourcecode.swift; path = NewCategoryView.swift; sourceTree = "<group>"; };
		EC3001CF256FC7320053313A /* ManageDashboardViewController.swift */ = {isa = PBXFileReference; lastKnownFileType = sourcecode.swift; path = ManageDashboardViewController.swift; sourceTree = "<group>"; };
		EC44D9FA25493665009B39E5 /* ProfileModel.swift */ = {isa = PBXFileReference; lastKnownFileType = sourcecode.swift; path = ProfileModel.swift; sourceTree = "<group>"; };
		EC44DA1925496299009B39E5 /* LoginCollectionViewCell.swift */ = {isa = PBXFileReference; lastKnownFileType = sourcecode.swift; path = LoginCollectionViewCell.swift; sourceTree = "<group>"; };
		EC4D809D254298AC00D0EA31 /* BudgetBrain.swift */ = {isa = PBXFileReference; lastKnownFileType = sourcecode.swift; path = BudgetBrain.swift; sourceTree = "<group>"; };
		EC51085C253FFDA000A98A3E /* Budget Management.app */ = {isa = PBXFileReference; explicitFileType = wrapper.application; includeInIndex = 0; path = "Budget Management.app"; sourceTree = BUILT_PRODUCTS_DIR; };
		EC51085F253FFDA000A98A3E /* AppDelegate.swift */ = {isa = PBXFileReference; lastKnownFileType = sourcecode.swift; path = AppDelegate.swift; sourceTree = "<group>"; };
		EC510861253FFDA000A98A3E /* SceneDelegate.swift */ = {isa = PBXFileReference; lastKnownFileType = sourcecode.swift; path = SceneDelegate.swift; sourceTree = "<group>"; };
		EC510863253FFDA000A98A3E /* DashBoard.swift */ = {isa = PBXFileReference; lastKnownFileType = sourcecode.swift; path = DashBoard.swift; sourceTree = "<group>"; };
		EC510866253FFDA000A98A3E /* Base */ = {isa = PBXFileReference; lastKnownFileType = file.storyboard; name = Base; path = Base.lproj/Main.storyboard; sourceTree = "<group>"; };
		EC510868253FFDA100A98A3E /* Assets.xcassets */ = {isa = PBXFileReference; lastKnownFileType = folder.assetcatalog; path = Assets.xcassets; sourceTree = "<group>"; };
		EC51086B253FFDA100A98A3E /* Base */ = {isa = PBXFileReference; lastKnownFileType = file.storyboard; name = Base; path = Base.lproj/LaunchScreen.storyboard; sourceTree = "<group>"; };
		EC51086D253FFDA100A98A3E /* Info.plist */ = {isa = PBXFileReference; lastKnownFileType = text.plist.xml; path = Info.plist; sourceTree = "<group>"; };
		EC510880253FFE9500A98A3E /* open_san.ttf */ = {isa = PBXFileReference; lastKnownFileType = file; path = open_san.ttf; sourceTree = "<group>"; };
		EC5108852540018D00A98A3E /* Budget Management-Bridging-Header.h */ = {isa = PBXFileReference; lastKnownFileType = sourcecode.c.h; path = "Budget Management-Bridging-Header.h"; sourceTree = "<group>"; };
		EC5108862540018E00A98A3E /* SWRevealViewController.h */ = {isa = PBXFileReference; fileEncoding = 4; lastKnownFileType = sourcecode.c.h; path = SWRevealViewController.h; sourceTree = "<group>"; };
		EC5108872540018E00A98A3E /* SWRevealViewController.m */ = {isa = PBXFileReference; fileEncoding = 4; lastKnownFileType = sourcecode.c.objc; path = SWRevealViewController.m; sourceTree = "<group>"; };
		EC5108912540038300A98A3E /* Constants.swift */ = {isa = PBXFileReference; lastKnownFileType = sourcecode.swift; path = Constants.swift; sourceTree = "<group>"; };
		EC5108952540078000A98A3E /* SideMenuTableViewController.swift */ = {isa = PBXFileReference; lastKnownFileType = sourcecode.swift; path = SideMenuTableViewController.swift; sourceTree = "<group>"; };
		EC5108A725401AA200A98A3E /* SideMenuTableViewCell.swift */ = {isa = PBXFileReference; lastKnownFileType = sourcecode.swift; path = SideMenuTableViewCell.swift; sourceTree = "<group>"; };
		EC5108BA2540248300A98A3E /* HeaderView.xib */ = {isa = PBXFileReference; lastKnownFileType = file.xib; path = HeaderView.xib; sourceTree = "<group>"; };
		EC5108BF254024AF00A98A3E /* HeaderView.swift */ = {isa = PBXFileReference; lastKnownFileType = sourcecode.swift; path = HeaderView.swift; sourceTree = "<group>"; };
		EC5108C225403DCF00A98A3E /* BudgetViewController.swift */ = {isa = PBXFileReference; lastKnownFileType = sourcecode.swift; path = BudgetViewController.swift; sourceTree = "<group>"; };
		EC5108C525403DDD00A98A3E /* CategoriesViewController.swift */ = {isa = PBXFileReference; lastKnownFileType = sourcecode.swift; path = CategoriesViewController.swift; sourceTree = "<group>"; };
		EC5108C825403DF500A98A3E /* AccountsViewController.swift */ = {isa = PBXFileReference; lastKnownFileType = sourcecode.swift; path = AccountsViewController.swift; sourceTree = "<group>"; };
		EC5108CB25403E0B00A98A3E /* SettingsViewController.swift */ = {isa = PBXFileReference; lastKnownFileType = sourcecode.swift; path = SettingsViewController.swift; sourceTree = "<group>"; };
		EC5108D8254057D800A98A3E /* UpdateProfileViewController.swift */ = {isa = PBXFileReference; lastKnownFileType = sourcecode.swift; path = UpdateProfileViewController.swift; sourceTree = "<group>"; };
		EC80B8AD2574C2A700424BFF /* DashboardAccountsCollectionViewCell.swift */ = {isa = PBXFileReference; lastKnownFileType = sourcecode.swift; path = DashboardAccountsCollectionViewCell.swift; sourceTree = "<group>"; };
		EC8868922546B5640056A8A3 /* GoalAchievedViewController.swift */ = {isa = PBXFileReference; lastKnownFileType = sourcecode.swift; path = GoalAchievedViewController.swift; sourceTree = "<group>"; };
		EC8868972546B9E30056A8A3 /* PagerViewForsavingsViewController.swift */ = {isa = PBXFileReference; lastKnownFileType = sourcecode.swift; path = PagerViewForsavingsViewController.swift; sourceTree = "<group>"; };
		EC8B2488255D163E0086837A /* GoalTransactionsViewController.swift */ = {isa = PBXFileReference; lastKnownFileType = sourcecode.swift; path = GoalTransactionsViewController.swift; sourceTree = "<group>"; };
		EC8B248B255D1B890086837A /* GoalTransactionsTableViewCell.swift */ = {isa = PBXFileReference; lastKnownFileType = sourcecode.swift; path = GoalTransactionsTableViewCell.swift; sourceTree = "<group>"; };
		EC8B248E255D38530086837A /* AchievedTableViewCell.swift */ = {isa = PBXFileReference; lastKnownFileType = sourcecode.swift; path = AchievedTableViewCell.swift; sourceTree = "<group>"; };
		EC8E5E7A2578F1B20047E42D /* OverAllBudgetsTabViewController.swift */ = {isa = PBXFileReference; lastKnownFileType = sourcecode.swift; path = OverAllBudgetsTabViewController.swift; sourceTree = "<group>"; };
		EC9C828625760D2D005F89B5 /* DashboardRecordsTableViewCell.swift */ = {isa = PBXFileReference; lastKnownFileType = sourcecode.swift; path = DashboardRecordsTableViewCell.swift; sourceTree = "<group>"; };
		EC9C829125762B63005F89B5 /* AllActivityViewController.swift */ = {isa = PBXFileReference; lastKnownFileType = sourcecode.swift; path = AllActivityViewController.swift; sourceTree = "<group>"; };
		EC9C829425764D77005F89B5 /* ActivitiesHeaderView.xib */ = {isa = PBXFileReference; lastKnownFileType = file.xib; path = ActivitiesHeaderView.xib; sourceTree = "<group>"; };
		EC9C829725764D8D005F89B5 /* ActivitiesHeaderView.swift */ = {isa = PBXFileReference; lastKnownFileType = sourcecode.swift; path = ActivitiesHeaderView.swift; sourceTree = "<group>"; };
		EC9C829A257654B7005F89B5 /* ActivitiesFooterView.xib */ = {isa = PBXFileReference; lastKnownFileType = file.xib; path = ActivitiesFooterView.xib; sourceTree = "<group>"; };
		EC9C829D257654E3005F89B5 /* ActivitiesFooterView.swift */ = {isa = PBXFileReference; lastKnownFileType = sourcecode.swift; path = ActivitiesFooterView.swift; sourceTree = "<group>"; };
		EC9C82A025766304005F89B5 /* ActivitiesTransactionsTableViewCell.swift */ = {isa = PBXFileReference; lastKnownFileType = sourcecode.swift; path = ActivitiesTransactionsTableViewCell.swift; sourceTree = "<group>"; };
		ECA40130255E8FE600719D52 /* AchievedGoalDetailsViewController.swift */ = {isa = PBXFileReference; lastKnownFileType = sourcecode.swift; path = AchievedGoalDetailsViewController.swift; sourceTree = "<group>"; };
		ECB7AAFB2577AD46004E7FFD /* SetMonthlyBudgetViewController.swift */ = {isa = PBXFileReference; lastKnownFileType = sourcecode.swift; path = SetMonthlyBudgetViewController.swift; sourceTree = "<group>"; };
		ECB7AAFE2577AEB6004E7FFD /* SetBudgetCollectionViewCell.swift */ = {isa = PBXFileReference; lastKnownFileType = sourcecode.swift; path = SetBudgetCollectionViewCell.swift; sourceTree = "<group>"; };
		ECB896502555190B00092DBB /* AddGoalViewController.swift */ = {isa = PBXFileReference; lastKnownFileType = sourcecode.swift; path = AddGoalViewController.swift; sourceTree = "<group>"; };
		ECB8968D2555607000092DBB /* NewGoalViewController.swift */ = {isa = PBXFileReference; lastKnownFileType = sourcecode.swift; path = NewGoalViewController.swift; sourceTree = "<group>"; };
		ECBD054A257778CE00779083 /* EditMonthlyBudgetViewController.swift */ = {isa = PBXFileReference; lastKnownFileType = sourcecode.swift; path = EditMonthlyBudgetViewController.swift; sourceTree = "<group>"; };
		ECC58F242541744C00495610 /* Extensions.swift */ = {isa = PBXFileReference; lastKnownFileType = sourcecode.swift; path = Extensions.swift; sourceTree = "<group>"; };
		ECC58F282541963500495610 /* SettingsTableViewCell.swift */ = {isa = PBXFileReference; lastKnownFileType = sourcecode.swift; path = SettingsTableViewCell.swift; sourceTree = "<group>"; };
		ECC831562564EF4D0027B349 /* SecondStoryboard.storyboard */ = {isa = PBXFileReference; lastKnownFileType = file.storyboard; path = SecondStoryboard.storyboard; sourceTree = "<group>"; };
		ECC831592564EFC30027B349 /* AddAccountViewController.swift */ = {isa = PBXFileReference; lastKnownFileType = sourcecode.swift; path = AddAccountViewController.swift; sourceTree = "<group>"; };
		ECC8317F25651FDE0027B349 /* SelectColorCell.xib */ = {isa = PBXFileReference; lastKnownFileType = file.xib; path = SelectColorCell.xib; sourceTree = "<group>"; };
		ECC83182256520150027B349 /* SelectColorCell.swift */ = {isa = PBXFileReference; lastKnownFileType = sourcecode.swift; path = SelectColorCell.swift; sourceTree = "<group>"; };
		ECC8318F256536DD0027B349 /* SelectIconCell.xib */ = {isa = PBXFileReference; lastKnownFileType = file.xib; path = SelectIconCell.xib; sourceTree = "<group>"; };
		ECC83192256536ED0027B349 /* SelectIconCell.swift */ = {isa = PBXFileReference; lastKnownFileType = sourcecode.swift; path = SelectIconCell.swift; sourceTree = "<group>"; };
		ECC8DB692542E37B008F41FA /* BudgetsTabViewController.swift */ = {isa = PBXFileReference; lastKnownFileType = sourcecode.swift; path = BudgetsTabViewController.swift; sourceTree = "<group>"; };
		ECC8DB6C2542EB3F008F41FA /* ActivitiesTabViewController.swift */ = {isa = PBXFileReference; lastKnownFileType = sourcecode.swift; path = ActivitiesTabViewController.swift; sourceTree = "<group>"; };
		ECC8DB6F2542EB53008F41FA /* SavingsViewController.swift */ = {isa = PBXFileReference; lastKnownFileType = sourcecode.swift; path = SavingsViewController.swift; sourceTree = "<group>"; };
		ECCB0945255A612C0024B827 /* NewGoalIconCollectionViewCell.swift */ = {isa = PBXFileReference; lastKnownFileType = sourcecode.swift; path = NewGoalIconCollectionViewCell.swift; sourceTree = "<group>"; };
		ECCB0948255A71380024B827 /* AddSavingAmountViewController.swift */ = {isa = PBXFileReference; lastKnownFileType = sourcecode.swift; path = AddSavingAmountViewController.swift; sourceTree = "<group>"; };
		ECCB094B255A727A0024B827 /* GoaldetailsViewController.swift */ = {isa = PBXFileReference; lastKnownFileType = sourcecode.swift; path = GoaldetailsViewController.swift; sourceTree = "<group>"; };
		ECCD9B5B25481C4C009D8B6F /* ExpenseViewController.swift */ = {isa = PBXFileReference; lastKnownFileType = sourcecode.swift; path = ExpenseViewController.swift; sourceTree = "<group>"; };
		ECCD9B5E25481C60009D8B6F /* IncomeViewController.swift */ = {isa = PBXFileReference; lastKnownFileType = sourcecode.swift; path = IncomeViewController.swift; sourceTree = "<group>"; };
		ECD3C8D425501424002A0CEF /* GuestLoginViewController.swift */ = {isa = PBXFileReference; lastKnownFileType = sourcecode.swift; path = GuestLoginViewController.swift; sourceTree = "<group>"; };
		ECD844482559624D00698923 /* SavingsTableViewCell.swift */ = {isa = PBXFileReference; lastKnownFileType = sourcecode.swift; path = SavingsTableViewCell.swift; sourceTree = "<group>"; };
		ECE0B44C256658AF005816FC /* AddAccountTableViewCell.swift */ = {isa = PBXFileReference; lastKnownFileType = sourcecode.swift; path = AddAccountTableViewCell.swift; sourceTree = "<group>"; };
/* End PBXFileReference section */

/* Begin PBXFrameworksBuildPhase section */
		EC510859253FFD9F00A98A3E /* Frameworks */ = {
			isa = PBXFrameworksBuildPhase;
			buildActionMask = 2147483647;
			files = (
				4BC0BCDE68931BC7D2F14929 /* Pods_Budget_Management.framework in Frameworks */,
			);
			runOnlyForDeploymentPostprocessing = 0;
		};
/* End PBXFrameworksBuildPhase section */

/* Begin PBXGroup section */
		8174D6E8381CF98319726801 /* Frameworks */ = {
			isa = PBXGroup;
			children = (
				4E4FAED8B1BAFD1378411C38 /* Pods_Budget_Management.framework */,
			);
			name = Frameworks;
			sourceTree = "<group>";
		};
		D07FDAC1760B239AEEDAB28D /* Pods */ = {
			isa = PBXGroup;
			children = (
				5F481472DB10F78842114AAF /* Pods-Budget Management.debug.xcconfig */,
				78E854B9E3E284EFF63C69C5 /* Pods-Budget Management.release.xcconfig */,
			);
			path = Pods;
			sourceTree = "<group>";
		};
		EC4D809C2542988B00D0EA31 /* Models */ = {
			isa = PBXGroup;
			children = (
				EC4D809D254298AC00D0EA31 /* BudgetBrain.swift */,
				EC44D9FA25493665009B39E5 /* ProfileModel.swift */,
			);
			path = Models;
			sourceTree = "<group>";
		};
		EC510853253FFD9F00A98A3E = {
			isa = PBXGroup;
			children = (
				EC51085E253FFDA000A98A3E /* Budget Management */,
				EC51085D253FFDA000A98A3E /* Products */,
				D07FDAC1760B239AEEDAB28D /* Pods */,
				8174D6E8381CF98319726801 /* Frameworks */,
			);
			sourceTree = "<group>";
		};
		EC51085D253FFDA000A98A3E /* Products */ = {
			isa = PBXGroup;
			children = (
				EC51085C253FFDA000A98A3E /* Budget Management.app */,
			);
			name = Products;
			sourceTree = "<group>";
		};
		EC51085E253FFDA000A98A3E /* Budget Management */ = {
			isa = PBXGroup;
			children = (
				ECC58F272541960D00495610 /* Table View Cells */,
				EC510883253FFE9D00A98A3E /* Fonts */,
				EC4D809C2542988B00D0EA31 /* Models */,
				EC510877253FFDE500A98A3E /* Views */,
				EC510875253FFDD700A98A3E /* Controllers */,
				EC510878253FFDF000A98A3E /* Supporting Files */,
				EC510868253FFDA100A98A3E /* Assets.xcassets */,
				EC51086A253FFDA100A98A3E /* LaunchScreen.storyboard */,
				EC51086D253FFDA100A98A3E /* Info.plist */,
			);
			path = "Budget Management";
			sourceTree = "<group>";
		};
		EC510875253FFDD700A98A3E /* Controllers */ = {
			isa = PBXGroup;
			children = (
				EC510863253FFDA000A98A3E /* DashBoard.swift */,
				EC5108952540078000A98A3E /* SideMenuTableViewController.swift */,
				EC5108C225403DCF00A98A3E /* BudgetViewController.swift */,
				EC5108C525403DDD00A98A3E /* CategoriesViewController.swift */,
				EC5108C825403DF500A98A3E /* AccountsViewController.swift */,
				EC5108CB25403E0B00A98A3E /* SettingsViewController.swift */,
				EC5108D8254057D800A98A3E /* UpdateProfileViewController.swift */,
				ECC8DB692542E37B008F41FA /* BudgetsTabViewController.swift */,
				ECC8DB6C2542EB3F008F41FA /* ActivitiesTabViewController.swift */,
				ECC8DB6F2542EB53008F41FA /* SavingsViewController.swift */,
				EC8868922546B5640056A8A3 /* GoalAchievedViewController.swift */,
				EC8868972546B9E30056A8A3 /* PagerViewForsavingsViewController.swift */,
				ECCD9B5B25481C4C009D8B6F /* ExpenseViewController.swift */,
				ECCD9B5E25481C60009D8B6F /* IncomeViewController.swift */,
				EC07563B254FD710001FBBA3 /* LoginPageViewController.swift */,
				ECD3C8D425501424002A0CEF /* GuestLoginViewController.swift */,
				ECB896502555190B00092DBB /* AddGoalViewController.swift */,
				ECB8968D2555607000092DBB /* NewGoalViewController.swift */,
				ECCB0948255A71380024B827 /* AddSavingAmountViewController.swift */,
				ECCB094B255A727A0024B827 /* GoaldetailsViewController.swift */,
				EC8B2488255D163E0086837A /* GoalTransactionsViewController.swift */,
				ECA40130255E8FE600719D52 /* AchievedGoalDetailsViewController.swift */,
				EC2F0F1A25639D11007EA0B3 /* TabBar.swift */,
				ECC831592564EFC30027B349 /* AddAccountViewController.swift */,
				EC3001CF256FC7320053313A /* ManageDashboardViewController.swift */,
				EC9C829125762B63005F89B5 /* AllActivityViewController.swift */,
				ECBD054A257778CE00779083 /* EditMonthlyBudgetViewController.swift */,
				ECB7AAFB2577AD46004E7FFD /* SetMonthlyBudgetViewController.swift */,
				EC8E5E7A2578F1B20047E42D /* OverAllBudgetsTabViewController.swift */,
			);
			path = Controllers;
			sourceTree = "<group>";
		};
		EC510877253FFDE500A98A3E /* Views */ = {
			isa = PBXGroup;
			children = (
				EC510865253FFDA000A98A3E /* Main.storyboard */,
				EC5108BA2540248300A98A3E /* HeaderView.xib */,
				EC5108BF254024AF00A98A3E /* HeaderView.swift */,
				EC07563E254FD980001FBBA3 /* LoginPageView.swift */,
				EC075641254FD9A3001FBBA3 /* LoginPageView.xib */,
				EC2F0F0B25639066007EA0B3 /* NavBar.xib */,
				EC2F0F0E25639075007EA0B3 /* NavBar.swift */,
				EC2F0F522563DAA9007EA0B3 /* NavBarX.xib */,
				EC2F0F552563DAE7007EA0B3 /* NavBarX.swift */,
				ECC831562564EF4D0027B349 /* SecondStoryboard.storyboard */,
				ECC8317F25651FDE0027B349 /* SelectColorCell.xib */,
				ECC83182256520150027B349 /* SelectColorCell.swift */,
				ECC8318F256536DD0027B349 /* SelectIconCell.xib */,
				ECC83192256536ED0027B349 /* SelectIconCell.swift */,
				EC3001C2256F97490053313A /* NewCategoryView.xib */,
				EC3001C5256F975E0053313A /* NewCategoryView.swift */,
				EC80B8AD2574C2A700424BFF /* DashboardAccountsCollectionViewCell.swift */,
				EC9C828625760D2D005F89B5 /* DashboardRecordsTableViewCell.swift */,
				EC9C829425764D77005F89B5 /* ActivitiesHeaderView.xib */,
				EC9C829725764D8D005F89B5 /* ActivitiesHeaderView.swift */,
				EC9C829A257654B7005F89B5 /* ActivitiesFooterView.xib */,
				EC9C829D257654E3005F89B5 /* ActivitiesFooterView.swift */,
			);
			path = Views;
			sourceTree = "<group>";
		};
		EC510878253FFDF000A98A3E /* Supporting Files */ = {
			isa = PBXGroup;
			children = (
				EC5108862540018E00A98A3E /* SWRevealViewController.h */,
				EC5108872540018E00A98A3E /* SWRevealViewController.m */,
				EC51085F253FFDA000A98A3E /* AppDelegate.swift */,
				EC510861253FFDA000A98A3E /* SceneDelegate.swift */,
				EC5108852540018D00A98A3E /* Budget Management-Bridging-Header.h */,
				EC5108912540038300A98A3E /* Constants.swift */,
				EC5108A725401AA200A98A3E /* SideMenuTableViewCell.swift */,
				ECC58F242541744C00495610 /* Extensions.swift */,
			);
			path = "Supporting Files";
			sourceTree = "<group>";
		};
		EC510883253FFE9D00A98A3E /* Fonts */ = {
			isa = PBXGroup;
			children = (
				EC510880253FFE9500A98A3E /* open_san.ttf */,
			);
			path = Fonts;
			sourceTree = "<group>";
		};
		ECC58F272541960D00495610 /* Table View Cells */ = {
			isa = PBXGroup;
			children = (
				ECC58F282541963500495610 /* SettingsTableViewCell.swift */,
				EC44DA1925496299009B39E5 /* LoginCollectionViewCell.swift */,
				ECD844482559624D00698923 /* SavingsTableViewCell.swift */,
				ECCB0945255A612C0024B827 /* NewGoalIconCollectionViewCell.swift */,
				EC8B248B255D1B890086837A /* GoalTransactionsTableViewCell.swift */,
				EC8B248E255D38530086837A /* AchievedTableViewCell.swift */,
				EC2F0F6A2563E92D007EA0B3 /* AccountBalanceTableViewCell.swift */,
				ECE0B44C256658AF005816FC /* AddAccountTableViewCell.swift */,
				EC3001B5256F8BC70053313A /* ExpenseTableViewCell.swift */,
				EC3001B8256F90890053313A /* IncomeTableViewCell.swift */,
				EC9C82A025766304005F89B5 /* ActivitiesTransactionsTableViewCell.swift */,
				ECB7AAFE2577AEB6004E7FFD /* SetBudgetCollectionViewCell.swift */,
			);
			path = "Table View Cells";
			sourceTree = "<group>";
		};
/* End PBXGroup section */

/* Begin PBXNativeTarget section */
		EC51085B253FFD9F00A98A3E /* Budget Management */ = {
			isa = PBXNativeTarget;
			buildConfigurationList = EC510870253FFDA100A98A3E /* Build configuration list for PBXNativeTarget "Budget Management" */;
			buildPhases = (
				50214C99BFF31E659369A2E4 /* [CP] Check Pods Manifest.lock */,
				EC510858253FFD9F00A98A3E /* Sources */,
				EC510859253FFD9F00A98A3E /* Frameworks */,
				EC51085A253FFD9F00A98A3E /* Resources */,
				1DA1BCA5269664D69CF9738F /* [CP] Embed Pods Frameworks */,
				124CD0D930D1C0A036E52DB1 /* [CP] Copy Pods Resources */,
			);
			buildRules = (
			);
			dependencies = (
			);
			name = "Budget Management";
			productName = "Budget Management";
			productReference = EC51085C253FFDA000A98A3E /* Budget Management.app */;
			productType = "com.apple.product-type.application";
		};
/* End PBXNativeTarget section */

/* Begin PBXProject section */
		EC510854253FFD9F00A98A3E /* Project object */ = {
			isa = PBXProject;
			attributes = {
				LastSwiftUpdateCheck = 1200;
				LastUpgradeCheck = 1200;
				TargetAttributes = {
					EC51085B253FFD9F00A98A3E = {
						CreatedOnToolsVersion = 12.0.1;
						LastSwiftMigration = 1200;
					};
				};
			};
			buildConfigurationList = EC510857253FFD9F00A98A3E /* Build configuration list for PBXProject "Budget Management" */;
			compatibilityVersion = "Xcode 9.3";
			developmentRegion = en;
			hasScannedForEncodings = 0;
			knownRegions = (
				en,
				Base,
			);
			mainGroup = EC510853253FFD9F00A98A3E;
			productRefGroup = EC51085D253FFDA000A98A3E /* Products */;
			projectDirPath = "";
			projectRoot = "";
			targets = (
				EC51085B253FFD9F00A98A3E /* Budget Management */,
			);
		};
/* End PBXProject section */

/* Begin PBXResourcesBuildPhase section */
		EC51085A253FFD9F00A98A3E /* Resources */ = {
			isa = PBXResourcesBuildPhase;
			buildActionMask = 2147483647;
			files = (
				ECC83190256536DD0027B349 /* SelectIconCell.xib in Resources */,
				EC51086C253FFDA100A98A3E /* LaunchScreen.storyboard in Resources */,
				EC510869253FFDA100A98A3E /* Assets.xcassets in Resources */,
				EC3001C3256F97490053313A /* NewCategoryView.xib in Resources */,
				EC5108BB2540248300A98A3E /* HeaderView.xib in Resources */,
				EC075642254FD9A3001FBBA3 /* LoginPageView.xib in Resources */,
				EC510867253FFDA000A98A3E /* Main.storyboard in Resources */,
				EC510881253FFE9500A98A3E /* open_san.ttf in Resources */,
				EC9C829B257654B7005F89B5 /* ActivitiesFooterView.xib in Resources */,
				EC2F0F532563DAA9007EA0B3 /* NavBarX.xib in Resources */,
				ECC8318025651FDE0027B349 /* SelectColorCell.xib in Resources */,
				EC9C829525764D77005F89B5 /* ActivitiesHeaderView.xib in Resources */,
				ECC831572564EF4D0027B349 /* SecondStoryboard.storyboard in Resources */,
				EC2F0F0C25639066007EA0B3 /* NavBar.xib in Resources */,
			);
			runOnlyForDeploymentPostprocessing = 0;
		};
/* End PBXResourcesBuildPhase section */

/* Begin PBXShellScriptBuildPhase section */
		124CD0D930D1C0A036E52DB1 /* [CP] Copy Pods Resources */ = {
			isa = PBXShellScriptBuildPhase;
			buildActionMask = 2147483647;
			files = (
			);
			inputFileListPaths = (
				"${PODS_ROOT}/Target Support Files/Pods-Budget Management/Pods-Budget Management-resources-${CONFIGURATION}-input-files.xcfilelist",
			);
			name = "[CP] Copy Pods Resources";
			outputFileListPaths = (
				"${PODS_ROOT}/Target Support Files/Pods-Budget Management/Pods-Budget Management-resources-${CONFIGURATION}-output-files.xcfilelist",
			);
			runOnlyForDeploymentPostprocessing = 0;
			shellPath = /bin/sh;
			shellScript = "\"${PODS_ROOT}/Target Support Files/Pods-Budget Management/Pods-Budget Management-resources.sh\"\n";
			showEnvVarsInLog = 0;
		};
		1DA1BCA5269664D69CF9738F /* [CP] Embed Pods Frameworks */ = {
			isa = PBXShellScriptBuildPhase;
			buildActionMask = 2147483647;
			files = (
			);
			inputFileListPaths = (
				"${PODS_ROOT}/Target Support Files/Pods-Budget Management/Pods-Budget Management-frameworks-${CONFIGURATION}-input-files.xcfilelist",
			);
			name = "[CP] Embed Pods Frameworks";
			outputFileListPaths = (
				"${PODS_ROOT}/Target Support Files/Pods-Budget Management/Pods-Budget Management-frameworks-${CONFIGURATION}-output-files.xcfilelist",
			);
			runOnlyForDeploymentPostprocessing = 0;
			shellPath = /bin/sh;
			shellScript = "\"${PODS_ROOT}/Target Support Files/Pods-Budget Management/Pods-Budget Management-frameworks.sh\"\n";
			showEnvVarsInLog = 0;
		};
		50214C99BFF31E659369A2E4 /* [CP] Check Pods Manifest.lock */ = {
			isa = PBXShellScriptBuildPhase;
			buildActionMask = 2147483647;
			files = (
			);
			inputFileListPaths = (
			);
			inputPaths = (
				"${PODS_PODFILE_DIR_PATH}/Podfile.lock",
				"${PODS_ROOT}/Manifest.lock",
			);
			name = "[CP] Check Pods Manifest.lock";
			outputFileListPaths = (
			);
			outputPaths = (
				"$(DERIVED_FILE_DIR)/Pods-Budget Management-checkManifestLockResult.txt",
			);
			runOnlyForDeploymentPostprocessing = 0;
			shellPath = /bin/sh;
			shellScript = "diff \"${PODS_PODFILE_DIR_PATH}/Podfile.lock\" \"${PODS_ROOT}/Manifest.lock\" > /dev/null\nif [ $? != 0 ] ; then\n    # print error to STDERR\n    echo \"error: The sandbox is not in sync with the Podfile.lock. Run 'pod install' or update your CocoaPods installation.\" >&2\n    exit 1\nfi\n# This output is used by Xcode 'outputs' to avoid re-running this script phase.\necho \"SUCCESS\" > \"${SCRIPT_OUTPUT_FILE_0}\"\n";
			showEnvVarsInLog = 0;
		};
/* End PBXShellScriptBuildPhase section */

/* Begin PBXSourcesBuildPhase section */
		EC510858253FFD9F00A98A3E /* Sources */ = {
			isa = PBXSourcesBuildPhase;
			buildActionMask = 2147483647;
			files = (
				EC9C829225762B63005F89B5 /* AllActivityViewController.swift in Sources */,
				EC8868932546B5640056A8A3 /* GoalAchievedViewController.swift in Sources */,
				ECA40131255E8FE600719D52 /* AchievedGoalDetailsViewController.swift in Sources */,
				EC3001D0256FC7320053313A /* ManageDashboardViewController.swift in Sources */,
				EC3001B9256F90890053313A /* IncomeTableViewCell.swift in Sources */,
				EC9C82A125766304005F89B5 /* ActivitiesTransactionsTableViewCell.swift in Sources */,
				EC5108D9254057D800A98A3E /* UpdateProfileViewController.swift in Sources */,
				ECB896512555190B00092DBB /* AddGoalViewController.swift in Sources */,
				EC5108922540038300A98A3E /* Constants.swift in Sources */,
				EC8B2489255D163E0086837A /* GoalTransactionsViewController.swift in Sources */,
				ECC8DB702542EB53008F41FA /* SavingsViewController.swift in Sources */,
				EC44DA1A25496299009B39E5 /* LoginCollectionViewCell.swift in Sources */,
				EC2F0F6B2563E92D007EA0B3 /* AccountBalanceTableViewCell.swift in Sources */,
				EC2F0F0F25639075007EA0B3 /* NavBar.swift in Sources */,
				EC5108962540078000A98A3E /* SideMenuTableViewController.swift in Sources */,
				EC8B248F255D38530086837A /* AchievedTableViewCell.swift in Sources */,
				EC44D9FB25493665009B39E5 /* ProfileModel.swift in Sources */,
				EC3001B6256F8BC70053313A /* ExpenseTableViewCell.swift in Sources */,
				EC8868982546B9E30056A8A3 /* PagerViewForsavingsViewController.swift in Sources */,
				EC510864253FFDA000A98A3E /* DashBoard.swift in Sources */,
				EC510860253FFDA000A98A3E /* AppDelegate.swift in Sources */,
				ECBD054B257778CE00779083 /* EditMonthlyBudgetViewController.swift in Sources */,
				EC9C829E257654E3005F89B5 /* ActivitiesFooterView.swift in Sources */,
				EC5108C925403DF500A98A3E /* AccountsViewController.swift in Sources */,
				EC8B248C255D1B890086837A /* GoalTransactionsTableViewCell.swift in Sources */,
				EC5108C625403DDD00A98A3E /* CategoriesViewController.swift in Sources */,
				ECCD9B5F25481C60009D8B6F /* IncomeViewController.swift in Sources */,
				EC3001C6256F975E0053313A /* NewCategoryView.swift in Sources */,
				EC2F0F1B25639D11007EA0B3 /* TabBar.swift in Sources */,
				ECC83193256536ED0027B349 /* SelectIconCell.swift in Sources */,
				EC5108C325403DCF00A98A3E /* BudgetViewController.swift in Sources */,
				ECE0B44D256658AF005816FC /* AddAccountTableViewCell.swift in Sources */,
				ECCD9B5C25481C4C009D8B6F /* ExpenseViewController.swift in Sources */,
				ECC83183256520150027B349 /* SelectColorCell.swift in Sources */,
				EC2F0F562563DAE7007EA0B3 /* NavBarX.swift in Sources */,
				EC9C828725760D2D005F89B5 /* DashboardRecordsTableViewCell.swift in Sources */,
				ECB7AAFC2577AD46004E7FFD /* SetMonthlyBudgetViewController.swift in Sources */,
				EC8E5E7B2578F1B20047E42D /* OverAllBudgetsTabViewController.swift in Sources */,
				ECC8DB6A2542E37B008F41FA /* BudgetsTabViewController.swift in Sources */,
				ECC8DB6D2542EB3F008F41FA /* ActivitiesTabViewController.swift in Sources */,
				EC4D809E254298AC00D0EA31 /* BudgetBrain.swift in Sources */,
				ECCB0946255A612C0024B827 /* NewGoalIconCollectionViewCell.swift in Sources */,
				ECC58F292541963500495610 /* SettingsTableViewCell.swift in Sources */,
				EC5108A825401AA200A98A3E /* SideMenuTableViewCell.swift in Sources */,
				EC510862253FFDA000A98A3E /* SceneDelegate.swift in Sources */,
				EC07563F254FD980001FBBA3 /* LoginPageView.swift in Sources */,
				EC5108882540018E00A98A3E /* SWRevealViewController.m in Sources */,
				EC80B8AE2574C2A700424BFF /* DashboardAccountsCollectionViewCell.swift in Sources */,
				ECB7AAFF2577AEB6004E7FFD /* SetBudgetCollectionViewCell.swift in Sources */,
				ECC8315A2564EFC30027B349 /* AddAccountViewController.swift in Sources */,
				ECCB0949255A71380024B827 /* AddSavingAmountViewController.swift in Sources */,
				ECB8968E2555607000092DBB /* NewGoalViewController.swift in Sources */,
				EC9C829825764D8D005F89B5 /* ActivitiesHeaderView.swift in Sources */,
				EC5108C0254024AF00A98A3E /* HeaderView.swift in Sources */,
				ECCB094C255A727A0024B827 /* GoaldetailsViewController.swift in Sources */,
				EC07563C254FD710001FBBA3 /* LoginPageViewController.swift in Sources */,
				ECD844492559624D00698923 /* SavingsTableViewCell.swift in Sources */,
				ECD3C8D525501424002A0CEF /* GuestLoginViewController.swift in Sources */,
				EC5108CC25403E0B00A98A3E /* SettingsViewController.swift in Sources */,
				ECC58F252541744C00495610 /* Extensions.swift in Sources */,
			);
			runOnlyForDeploymentPostprocessing = 0;
		};
/* End PBXSourcesBuildPhase section */

/* Begin PBXVariantGroup section */
		EC510865253FFDA000A98A3E /* Main.storyboard */ = {
			isa = PBXVariantGroup;
			children = (
				EC510866253FFDA000A98A3E /* Base */,
			);
			name = Main.storyboard;
			sourceTree = "<group>";
		};
		EC51086A253FFDA100A98A3E /* LaunchScreen.storyboard */ = {
			isa = PBXVariantGroup;
			children = (
				EC51086B253FFDA100A98A3E /* Base */,
			);
			name = LaunchScreen.storyboard;
			sourceTree = "<group>";
		};
/* End PBXVariantGroup section */

/* Begin XCBuildConfiguration section */
		EC51086E253FFDA100A98A3E /* Debug */ = {
			isa = XCBuildConfiguration;
			buildSettings = {
				ALWAYS_SEARCH_USER_PATHS = NO;
				CLANG_ANALYZER_NONNULL = YES;
				CLANG_ANALYZER_NUMBER_OBJECT_CONVERSION = YES_AGGRESSIVE;
				CLANG_CXX_LANGUAGE_STANDARD = "gnu++14";
				CLANG_CXX_LIBRARY = "libc++";
				CLANG_ENABLE_MODULES = YES;
				CLANG_ENABLE_OBJC_ARC = YES;
				CLANG_ENABLE_OBJC_WEAK = YES;
				CLANG_WARN_BLOCK_CAPTURE_AUTORELEASING = YES;
				CLANG_WARN_BOOL_CONVERSION = YES;
				CLANG_WARN_COMMA = YES;
				CLANG_WARN_CONSTANT_CONVERSION = YES;
				CLANG_WARN_DEPRECATED_OBJC_IMPLEMENTATIONS = YES;
				CLANG_WARN_DIRECT_OBJC_ISA_USAGE = YES_ERROR;
				CLANG_WARN_DOCUMENTATION_COMMENTS = YES;
				CLANG_WARN_EMPTY_BODY = YES;
				CLANG_WARN_ENUM_CONVERSION = YES;
				CLANG_WARN_INFINITE_RECURSION = YES;
				CLANG_WARN_INT_CONVERSION = YES;
				CLANG_WARN_NON_LITERAL_NULL_CONVERSION = YES;
				CLANG_WARN_OBJC_IMPLICIT_RETAIN_SELF = YES;
				CLANG_WARN_OBJC_LITERAL_CONVERSION = YES;
				CLANG_WARN_OBJC_ROOT_CLASS = YES_ERROR;
				CLANG_WARN_QUOTED_INCLUDE_IN_FRAMEWORK_HEADER = YES;
				CLANG_WARN_RANGE_LOOP_ANALYSIS = YES;
				CLANG_WARN_STRICT_PROTOTYPES = YES;
				CLANG_WARN_SUSPICIOUS_MOVE = YES;
				CLANG_WARN_UNGUARDED_AVAILABILITY = YES_AGGRESSIVE;
				CLANG_WARN_UNREACHABLE_CODE = YES;
				CLANG_WARN__DUPLICATE_METHOD_MATCH = YES;
				COPY_PHASE_STRIP = NO;
				DEBUG_INFORMATION_FORMAT = dwarf;
				ENABLE_STRICT_OBJC_MSGSEND = YES;
				ENABLE_TESTABILITY = YES;
				GCC_C_LANGUAGE_STANDARD = gnu11;
				GCC_DYNAMIC_NO_PIC = NO;
				GCC_NO_COMMON_BLOCKS = YES;
				GCC_OPTIMIZATION_LEVEL = 0;
				GCC_PREPROCESSOR_DEFINITIONS = (
					"DEBUG=1",
					"$(inherited)",
				);
				GCC_WARN_64_TO_32_BIT_CONVERSION = YES;
				GCC_WARN_ABOUT_RETURN_TYPE = YES_ERROR;
				GCC_WARN_UNDECLARED_SELECTOR = YES;
				GCC_WARN_UNINITIALIZED_AUTOS = YES_AGGRESSIVE;
				GCC_WARN_UNUSED_FUNCTION = YES;
				GCC_WARN_UNUSED_VARIABLE = YES;
				IPHONEOS_DEPLOYMENT_TARGET = 13.0;
				MTL_ENABLE_DEBUG_INFO = INCLUDE_SOURCE;
				MTL_FAST_MATH = YES;
				ONLY_ACTIVE_ARCH = YES;
				SDKROOT = iphoneos;
				SWIFT_ACTIVE_COMPILATION_CONDITIONS = DEBUG;
				SWIFT_OPTIMIZATION_LEVEL = "-Onone";
			};
			name = Debug;
		};
		EC51086F253FFDA100A98A3E /* Release */ = {
			isa = XCBuildConfiguration;
			buildSettings = {
				ALWAYS_SEARCH_USER_PATHS = NO;
				CLANG_ANALYZER_NONNULL = YES;
				CLANG_ANALYZER_NUMBER_OBJECT_CONVERSION = YES_AGGRESSIVE;
				CLANG_CXX_LANGUAGE_STANDARD = "gnu++14";
				CLANG_CXX_LIBRARY = "libc++";
				CLANG_ENABLE_MODULES = YES;
				CLANG_ENABLE_OBJC_ARC = YES;
				CLANG_ENABLE_OBJC_WEAK = YES;
				CLANG_WARN_BLOCK_CAPTURE_AUTORELEASING = YES;
				CLANG_WARN_BOOL_CONVERSION = YES;
				CLANG_WARN_COMMA = YES;
				CLANG_WARN_CONSTANT_CONVERSION = YES;
				CLANG_WARN_DEPRECATED_OBJC_IMPLEMENTATIONS = YES;
				CLANG_WARN_DIRECT_OBJC_ISA_USAGE = YES_ERROR;
				CLANG_WARN_DOCUMENTATION_COMMENTS = YES;
				CLANG_WARN_EMPTY_BODY = YES;
				CLANG_WARN_ENUM_CONVERSION = YES;
				CLANG_WARN_INFINITE_RECURSION = YES;
				CLANG_WARN_INT_CONVERSION = YES;
				CLANG_WARN_NON_LITERAL_NULL_CONVERSION = YES;
				CLANG_WARN_OBJC_IMPLICIT_RETAIN_SELF = YES;
				CLANG_WARN_OBJC_LITERAL_CONVERSION = YES;
				CLANG_WARN_OBJC_ROOT_CLASS = YES_ERROR;
				CLANG_WARN_QUOTED_INCLUDE_IN_FRAMEWORK_HEADER = YES;
				CLANG_WARN_RANGE_LOOP_ANALYSIS = YES;
				CLANG_WARN_STRICT_PROTOTYPES = YES;
				CLANG_WARN_SUSPICIOUS_MOVE = YES;
				CLANG_WARN_UNGUARDED_AVAILABILITY = YES_AGGRESSIVE;
				CLANG_WARN_UNREACHABLE_CODE = YES;
				CLANG_WARN__DUPLICATE_METHOD_MATCH = YES;
				COPY_PHASE_STRIP = NO;
				DEBUG_INFORMATION_FORMAT = "dwarf-with-dsym";
				ENABLE_NS_ASSERTIONS = NO;
				ENABLE_STRICT_OBJC_MSGSEND = YES;
				GCC_C_LANGUAGE_STANDARD = gnu11;
				GCC_NO_COMMON_BLOCKS = YES;
				GCC_WARN_64_TO_32_BIT_CONVERSION = YES;
				GCC_WARN_ABOUT_RETURN_TYPE = YES_ERROR;
				GCC_WARN_UNDECLARED_SELECTOR = YES;
				GCC_WARN_UNINITIALIZED_AUTOS = YES_AGGRESSIVE;
				GCC_WARN_UNUSED_FUNCTION = YES;
				GCC_WARN_UNUSED_VARIABLE = YES;
				IPHONEOS_DEPLOYMENT_TARGET = 13.0;
				MTL_ENABLE_DEBUG_INFO = NO;
				MTL_FAST_MATH = YES;
				SDKROOT = iphoneos;
				SWIFT_COMPILATION_MODE = wholemodule;
				SWIFT_OPTIMIZATION_LEVEL = "-O";
				VALIDATE_PRODUCT = YES;
			};
			name = Release;
		};
		EC510871253FFDA100A98A3E /* Debug */ = {
			isa = XCBuildConfiguration;
			baseConfigurationReference = 5F481472DB10F78842114AAF /* Pods-Budget Management.debug.xcconfig */;
			buildSettings = {
				ASSETCATALOG_COMPILER_APPICON_NAME = AppIcon;
				ASSETCATALOG_COMPILER_GLOBAL_ACCENT_COLOR_NAME = AccentColor;
				CLANG_ENABLE_MODULES = YES;
				CODE_SIGN_STYLE = Automatic;
				DEVELOPMENT_TEAM = H7E6RSEJP6;
				INFOPLIST_FILE = "Budget Management/Info.plist";
				LD_RUNPATH_SEARCH_PATHS = (
					"$(inherited)",
					"@executable_path/Frameworks",
				);
				PRODUCT_BUNDLE_IDENTIFIER = "net.suavesol.Budget-Management";
				PRODUCT_NAME = "$(TARGET_NAME)";
				SWIFT_OBJC_BRIDGING_HEADER = "Budget Management/Supporting Files/Budget Management-Bridging-Header.h";
				SWIFT_OPTIMIZATION_LEVEL = "-Onone";
				SWIFT_VERSION = 5.0;
				TARGETED_DEVICE_FAMILY = 1;
			};
			name = Debug;
		};
		EC510872253FFDA100A98A3E /* Release */ = {
			isa = XCBuildConfiguration;
			baseConfigurationReference = 78E854B9E3E284EFF63C69C5 /* Pods-Budget Management.release.xcconfig */;
			buildSettings = {
				ASSETCATALOG_COMPILER_APPICON_NAME = AppIcon;
				ASSETCATALOG_COMPILER_GLOBAL_ACCENT_COLOR_NAME = AccentColor;
				CLANG_ENABLE_MODULES = YES;
				CODE_SIGN_STYLE = Automatic;
				DEVELOPMENT_TEAM = H7E6RSEJP6;
				INFOPLIST_FILE = "Budget Management/Info.plist";
				LD_RUNPATH_SEARCH_PATHS = (
					"$(inherited)",
					"@executable_path/Frameworks",
				);
				PRODUCT_BUNDLE_IDENTIFIER = "net.suavesol.Budget-Management";
				PRODUCT_NAME = "$(TARGET_NAME)";
				SWIFT_OBJC_BRIDGING_HEADER = "Budget Management/Supporting Files/Budget Management-Bridging-Header.h";
				SWIFT_VERSION = 5.0;
				TARGETED_DEVICE_FAMILY = 1;
			};
			name = Release;
		};
/* End XCBuildConfiguration section */

/* Begin XCConfigurationList section */
		EC510857253FFD9F00A98A3E /* Build configuration list for PBXProject "Budget Management" */ = {
			isa = XCConfigurationList;
			buildConfigurations = (
				EC51086E253FFDA100A98A3E /* Debug */,
				EC51086F253FFDA100A98A3E /* Release */,
			);
			defaultConfigurationIsVisible = 0;
			defaultConfigurationName = Release;
		};
		EC510870253FFDA100A98A3E /* Build configuration list for PBXNativeTarget "Budget Management" */ = {
			isa = XCConfigurationList;
			buildConfigurations = (
				EC510871253FFDA100A98A3E /* Debug */,
				EC510872253FFDA100A98A3E /* Release */,
			);
			defaultConfigurationIsVisible = 0;
			defaultConfigurationName = Release;
		};
/* End XCConfigurationList section */
	};
	rootObject = EC510854253FFD9F00A98A3E /* Project object */;
}
